
Microsoft Visual Studio Solution File, Format Version 12.00
# Visual Studio Version 17
VisualStudioVersion = 17.14.36414.22
MinimumVisualStudioVersion = 10.0.40219.1
Project("{FAE04EC0-301F-11D3-BF4B-00C04F79EFBC}") = "BOZMANOHERMANO", "BOZMANOHERMANO\BOZMANOHERMANO.csproj", "{8FCAC533-420F-16F6-82A3-4FE9C1218F17}"
EndProject
Global
	GlobalSection(SolutionConfigurationPlatforms) = preSolution
		Debug|Any CPU = Debug|Any CPU
		Release|Any CPU = Release|Any CPU
	EndGlobalSection
	GlobalSection(ProjectConfigurationPlatforms) = postSolution
		{8FCAC533-420F-16F6-82A3-4FE9C1218F17}.Debug|Any CPU.ActiveCfg = Debug|Any CPU
		{8FCAC533-420F-16F6-82A3-4FE9C1218F17}.Debug|Any CPU.Build.0 = Debug|Any CPU
		{8FCAC533-420F-16F6-82A3-4FE9C1218F17}.Release|Any CPU.ActiveCfg = Release|Any CPU
		{8FCAC533-420F-16F6-82A3-4FE9C1218F17}.Release|Any CPU.Build.0 = Release|Any CPU
	EndGlobalSection
	GlobalSection(SolutionProperties) = preSolution
		HideSolutionNode = FALSE
	EndGlobalSection
	GlobalSection(ExtensibilityGlobals) = postSolution
		SolutionGuid = {35AFE6F7-4485-4448-8A6B-CE27EE592A37}
	EndGlobalSection
EndGlobal
